{
    "version": 3,
    "terraform_version": "0.10.8",
    "serial": 60,
    "lineage": "69368c66-66b4-4953-9440-345a397fdd9f",
    "modules": [
        {
            "path": [
                "root"
            ],
            "outputs": {},
            "resources": {
                "aws_key_pair.auth": {
                    "type": "aws_key_pair",
                    "depends_on": [],
                    "primary": {
                        "id": "id_rsa1",
                        "attributes": {
                            "id": "id_rsa1",
                            "key_name": "id_rsa1",
                            "public_key": "ssh-rsa AAAAB3NzaC1yc2EAAAADAQABAAACAQC3z394hjlWh2+JDcudCzcbty0qK2MSOyYLAqHWpMRrGpTwYHuQD4OeTCKDDPFlQ4VZgz019AiCjJZESp85hQ4iCTcAtYr6RnOVXtR5/9lt6S5ghvl9zAe8GD7o/nuoq1ccexqWi54NaoedByOYuohms4uRHQvMoLcJlV/jWuWHkCBoHj5FX4CQ/RQqvxjRbri30Xx1VfsDdde5fNuMpiCoB745AAXJ7bg07xHTdQoxA4Uy7ljeYIs3pMfklsvZdkh8MrceUAg1oIg2xgjGtW80Vyvv7exkMlfsnsNHg55sfU+NCGYOaWZjaKO83ZCCnBxQ2z5g+kInoDyhxD1B8Y9urds6HXIJd5CB8430FNvHtH29FlEXLx+zZRE2BtAcPBI7RZLs10lyGffTsEd90B/Kz4sNNoleuq1hTfaVak9yy91ebUTA88cFyPCJkrmQbj9Qvb5r3JUIqYHlznpjgVVW0b/z4QPAzp292cWzo96Z36U04S3Jl5b6sKGcf7CfFHfksp617PtY85W6ir+XtddkY259YCm0GOaIOK9v109GvAM0YNXwwGIyQ2+A3ai6hEIrRKodZsncwLzSMa5ajJJioekZXt1/isxLlUtnBl5qxG/v/E9o5ywKdO7um8ST5aocphhMk9r3lcfkvV5K9YaVbRX+rgow0RTkFGf/m84pjQ== andrey.kopitsa@MacBook-Pro-Andrey.local"
                        },
                        "meta": {
                            "schema_version": "1"
                        },
                        "tainted": false
                    },
                    "deposed": [],
                    "provider": ""
                }
            },
            "depends_on": []
        },
        {
            "path": [
                "root",
                "apiGW"
            ],
            "outputs": {},
            "resources": {
                "aws_api_gateway_integration.integration-add": {
                    "type": "aws_api_gateway_integration",
                    "depends_on": [
                        "aws_api_gateway_method.method-post",
                        "aws_api_gateway_resource.add",
                        "aws_api_gateway_rest_api.api"
                    ],
                    "primary": {
                        "id": "agi-p3kd1fmme1-2cmuac-POST",
                        "attributes": {
                            "cache_key_parameters.#": "0",
                            "cache_namespace": "2cmuac",
                            "http_method": "POST",
                            "id": "agi-p3kd1fmme1-2cmuac-POST",
                            "integration_http_method": "POST",
                            "passthrough_behavior": "WHEN_NO_MATCH",
                            "request_parameters.%": "0",
                            "request_templates.%": "0",
                            "resource_id": "2cmuac",
                            "rest_api_id": "p3kd1fmme1",
                            "type": "AWS",
                            "uri": "arn:aws:apigateway:us-east-1:lambda:path/2015-03-31/functions/arn:aws:lambda:us-east-1:032898326117:function:HelloLambdaPost/invocations"
                        },
                        "meta": {},
                        "tainted": false
                    },
                    "deposed": [],
                    "provider": ""
                },
                "aws_api_gateway_integration.integration-show": {
                    "type": "aws_api_gateway_integration",
                    "depends_on": [
                        "aws_api_gateway_method.method-get",
                        "aws_api_gateway_resource.show",
                        "aws_api_gateway_rest_api.api"
                    ],
                    "primary": {
                        "id": "agi-p3kd1fmme1-cts2po-GET",
                        "attributes": {
                            "cache_key_parameters.#": "0",
                            "cache_namespace": "cts2po",
                            "http_method": "GET",
                            "id": "agi-p3kd1fmme1-cts2po-GET",
                            "integration_http_method": "GET",
                            "passthrough_behavior": "WHEN_NO_MATCH",
                            "request_parameters.%": "0",
                            "request_templates.%": "0",
                            "resource_id": "cts2po",
                            "rest_api_id": "p3kd1fmme1",
                            "type": "AWS",
                            "uri": "arn:aws:apigateway:us-east-1:lambda:path/2015-03-31/functions/arn:aws:lambda:us-east-1:032898326117:function:HelloLambdaGet/invocations"
                        },
                        "meta": {},
                        "tainted": false
                    },
                    "deposed": [],
                    "provider": ""
                },
                "aws_api_gateway_integration_response.GetIntegrationResponse": {
                    "type": "aws_api_gateway_integration_response",
                    "depends_on": [
                        "aws_api_gateway_integration.integration-show",
                        "aws_api_gateway_method.method-get",
                        "aws_api_gateway_method_response.get200",
                        "aws_api_gateway_resource.show",
                        "aws_api_gateway_rest_api.api"
                    ],
                    "primary": {
                        "id": "agir-p3kd1fmme1-cts2po-GET-200",
                        "attributes": {
                            "http_method": "GET",
                            "id": "agir-p3kd1fmme1-cts2po-GET-200",
                            "resource_id": "cts2po",
                            "response_parameters.%": "0",
                            "response_templates.%": "1",
                            "response_templates.application/json": "",
                            "rest_api_id": "p3kd1fmme1",
                            "selection_pattern": "",
                            "status_code": "200"
                        },
                        "meta": {},
                        "tainted": false
                    },
                    "deposed": [],
                    "provider": ""
                },
                "aws_api_gateway_integration_response.PostIntegrationResponse": {
                    "type": "aws_api_gateway_integration_response",
                    "depends_on": [
                        "aws_api_gateway_integration.integration-add",
                        "aws_api_gateway_method.method-post",
                        "aws_api_gateway_method_response.post200",
                        "aws_api_gateway_resource.add",
                        "aws_api_gateway_rest_api.api"
                    ],
                    "primary": {
                        "id": "agir-p3kd1fmme1-2cmuac-POST-200",
                        "attributes": {
                            "http_method": "POST",
                            "id": "agir-p3kd1fmme1-2cmuac-POST-200",
                            "resource_id": "2cmuac",
                            "response_parameters.%": "0",
                            "response_templates.%": "1",
                            "response_templates.application/json": "    {\n       \"name\": \"$input.params('name')\",\n       \"time\": \"$input.params('time')\"\n    }\n",
                            "rest_api_id": "p3kd1fmme1",
                            "selection_pattern": "",
                            "status_code": "200"
                        },
                        "meta": {},
                        "tainted": false
                    },
                    "deposed": [],
                    "provider": ""
                },
                "aws_api_gateway_method.method-get": {
                    "type": "aws_api_gateway_method",
                    "depends_on": [
                        "aws_api_gateway_resource.show",
                        "aws_api_gateway_rest_api.api"
                    ],
                    "primary": {
                        "id": "agm-p3kd1fmme1-cts2po-GET",
                        "attributes": {
                            "api_key_required": "false",
                            "authorization": "NONE",
                            "http_method": "GET",
                            "id": "agm-p3kd1fmme1-cts2po-GET",
                            "request_models.%": "1",
                            "request_models.application/json": "Empty",
                            "request_parameters.%": "1",
                            "request_parameters.method.request.querystring.name": "true",
                            "resource_id": "cts2po",
                            "rest_api_id": "p3kd1fmme1"
                        },
                        "meta": {},
                        "tainted": false
                    },
                    "deposed": [],
                    "provider": ""
                },
                "aws_api_gateway_method.method-post": {
                    "type": "aws_api_gateway_method",
                    "depends_on": [
                        "aws_api_gateway_resource.add",
                        "aws_api_gateway_rest_api.api"
                    ],
                    "primary": {
                        "id": "agm-p3kd1fmme1-2cmuac-POST",
                        "attributes": {
                            "api_key_required": "false",
                            "authorization": "NONE",
                            "http_method": "POST",
                            "id": "agm-p3kd1fmme1-2cmuac-POST",
                            "request_parameters.%": "2",
                            "request_parameters.method.request.querystring.name": "true",
                            "request_parameters.method.request.querystring.time": "true",
                            "resource_id": "2cmuac",
                            "rest_api_id": "p3kd1fmme1"
                        },
                        "meta": {},
                        "tainted": false
                    },
                    "deposed": [],
                    "provider": ""
                },
                "aws_api_gateway_method_response.get200": {
                    "type": "aws_api_gateway_method_response",
                    "depends_on": [
                        "aws_api_gateway_method.method-get",
                        "aws_api_gateway_resource.show",
                        "aws_api_gateway_rest_api.api"
                    ],
                    "primary": {
                        "id": "agmr-p3kd1fmme1-cts2po-GET-200",
                        "attributes": {
                            "http_method": "GET",
                            "id": "agmr-p3kd1fmme1-cts2po-GET-200",
                            "resource_id": "cts2po",
                            "response_models.%": "1",
                            "response_models.application/json": "Empty",
                            "rest_api_id": "p3kd1fmme1",
                            "status_code": "200"
                        },
                        "meta": {},
                        "tainted": false
                    },
                    "deposed": [],
                    "provider": ""
                },
                "aws_api_gateway_method_response.post200": {
                    "type": "aws_api_gateway_method_response",
                    "depends_on": [
                        "aws_api_gateway_method.method-post",
                        "aws_api_gateway_resource.add",
                        "aws_api_gateway_rest_api.api"
                    ],
                    "primary": {
                        "id": "agmr-p3kd1fmme1-2cmuac-POST-200",
                        "attributes": {
                            "http_method": "POST",
                            "id": "agmr-p3kd1fmme1-2cmuac-POST-200",
                            "resource_id": "2cmuac",
                            "response_models.%": "1",
                            "response_models.application/json": "Empty",
                            "rest_api_id": "p3kd1fmme1",
                            "status_code": "200"
                        },
                        "meta": {},
                        "tainted": false
                    },
                    "deposed": [],
                    "provider": ""
                },
                "aws_api_gateway_resource.add": {
                    "type": "aws_api_gateway_resource",
                    "depends_on": [
                        "aws_api_gateway_rest_api.api"
                    ],
                    "primary": {
                        "id": "2cmuac",
                        "attributes": {
                            "id": "2cmuac",
                            "parent_id": "g40s2rdjl6",
                            "path": "/add",
                            "path_part": "add",
                            "rest_api_id": "p3kd1fmme1"
                        },
                        "meta": {},
                        "tainted": false
                    },
                    "deposed": [],
                    "provider": ""
                },
                "aws_api_gateway_resource.show": {
                    "type": "aws_api_gateway_resource",
                    "depends_on": [
                        "aws_api_gateway_rest_api.api"
                    ],
                    "primary": {
                        "id": "cts2po",
                        "attributes": {
                            "id": "cts2po",
                            "parent_id": "g40s2rdjl6",
                            "path": "/show",
                            "path_part": "show",
                            "rest_api_id": "p3kd1fmme1"
                        },
                        "meta": {},
                        "tainted": false
                    },
                    "deposed": [],
                    "provider": ""
                },
                "aws_api_gateway_rest_api.api": {
                    "type": "aws_api_gateway_rest_api",
                    "depends_on": [],
                    "primary": {
                        "id": "p3kd1fmme1",
                        "attributes": {
                            "binary_media_types.#": "0",
                            "created_date": "2017-11-13T12:01:36Z",
                            "description": "",
                            "id": "p3kd1fmme1",
                            "name": "AutoApiGW",
                            "root_resource_id": "g40s2rdjl6"
                        },
                        "meta": {},
                        "tainted": false
                    },
                    "deposed": [],
                    "provider": ""
                },
                "aws_lambda_permission.apigw_lambdaPost": {
                    "type": "aws_lambda_permission",
                    "depends_on": [
                        "aws_api_gateway_method.method-post",
                        "aws_api_gateway_resource.add",
                        "aws_api_gateway_rest_api.api"
                    ],
                    "primary": {
                        "id": "AllowExecutionFromAPIGateway",
                        "attributes": {
                            "action": "lambda:InvokeFunction",
                            "function_name": "arn:aws:lambda:us-east-1:032898326117:function:HelloLambdaGet",
                            "id": "AllowExecutionFromAPIGateway",
                            "principal": "apigateway.amazonaws.com",
                            "qualifier": "",
                            "source_arn": "arn:aws:execute-api:us-east-1:032898326117:p3kd1fmme1/*/POST/add",
                            "statement_id": "AllowExecutionFromAPIGateway"
                        },
                        "meta": {},
                        "tainted": false
                    },
                    "deposed": [],
                    "provider": ""
                }
            },
            "depends_on": []
        },
        {
            "path": [
                "root",
                "lambda"
            ],
            "outputs": {
                "account_id": {
                    "sensitive": false,
                    "type": "string",
                    "value": "032898326117"
                },
                "lambda-get-arn": {
                    "sensitive": false,
                    "type": "string",
                    "value": "arn:aws:lambda:us-east-1:032898326117:function:HelloLambdaGet"
                },
                "lambda-get-function": {
                    "sensitive": false,
                    "type": "string",
                    "value": "HelloLambdaGet"
                },
                "lambda-post-arn": {
                    "sensitive": false,
                    "type": "string",
                    "value": "arn:aws:lambda:us-east-1:032898326117:function:HelloLambdaPost"
                },
                "lambda-post-function": {
                    "sensitive": false,
                    "type": "string",
                    "value": "HelloLambdaPost"
                }
            },
            "resources": {
                "aws_iam_role.iam_for_lambda": {
                    "type": "aws_iam_role",
                    "depends_on": [],
                    "primary": {
                        "id": "iam_for_lambda",
                        "attributes": {
                            "arn": "arn:aws:iam::032898326117:role/iam_for_lambda",
                            "assume_role_policy": "{\"Version\":\"2012-10-17\",\"Statement\":[{\"Sid\":\"\",\"Effect\":\"Allow\",\"Principal\":{\"Service\":\"lambda.amazonaws.com\"},\"Action\":\"sts:AssumeRole\"}]}",
                            "create_date": "2017-11-13T12:01:33Z",
                            "force_detach_policies": "false",
                            "id": "iam_for_lambda",
                            "name": "iam_for_lambda",
                            "path": "/",
                            "unique_id": "AROAJQ6WECKVJMMTY4MCU"
                        },
                        "meta": {},
                        "tainted": false
                    },
                    "deposed": [],
                    "provider": ""
                },
                "aws_lambda_function.get_lambda": {
                    "type": "aws_lambda_function",
                    "depends_on": [
                        "aws_iam_role.iam_for_lambda"
                    ],
                    "primary": {
                        "id": "HelloLambdaGet",
                        "attributes": {
                            "arn": "arn:aws:lambda:us-east-1:032898326117:function:HelloLambdaGet",
                            "dead_letter_config.#": "0",
                            "description": "",
                            "environment.#": "0",
                            "function_name": "HelloLambdaGet",
                            "handler": "com.amazonaws.lambda.demo.LambdaFunctionHandler",
                            "id": "HelloLambdaGet",
                            "invoke_arn": "arn:aws:apigateway:us-east-1:lambda:path/2015-03-31/functions/arn:aws:lambda:us-east-1:032898326117:function:HelloLambdaGet/invocations",
                            "kms_key_arn": "",
                            "last_modified": "2017-11-13T12:03:44.608+0000",
                            "memory_size": "128",
                            "publish": "false",
                            "qualified_arn": "arn:aws:lambda:us-east-1:032898326117:function:HelloLambdaGet:$LATEST",
                            "role": "arn:aws:iam::032898326117:role/iam_for_lambda",
                            "runtime": "java8",
                            "s3_bucket": "mybucket-for-lambda-dynamodb-with-api-gateway",
                            "s3_key": "HelloLampdaGet.zip",
                            "source_code_hash": "WDbWvMLBJf2VSyppO8ys/HI43MaumHDyzMnGFSzX1Do=",
                            "tags.%": "0",
                            "timeout": "55",
                            "tracing_config.#": "1",
                            "tracing_config.0.mode": "PassThrough",
                            "version": "$LATEST",
                            "vpc_config.#": "0"
                        },
                        "meta": {},
                        "tainted": false
                    },
                    "deposed": [],
                    "provider": ""
                },
                "aws_lambda_function.post_lambda": {
                    "type": "aws_lambda_function",
                    "depends_on": [
                        "aws_iam_role.iam_for_lambda"
                    ],
                    "primary": {
                        "id": "HelloLambdaPost",
                        "attributes": {
                            "arn": "arn:aws:lambda:us-east-1:032898326117:function:HelloLambdaPost",
                            "dead_letter_config.#": "0",
                            "description": "",
                            "environment.#": "0",
                            "function_name": "HelloLambdaPost",
                            "handler": "com.amazonaws.lambda.demo.HelloLambda",
                            "id": "HelloLambdaPost",
                            "invoke_arn": "arn:aws:apigateway:us-east-1:lambda:path/2015-03-31/functions/arn:aws:lambda:us-east-1:032898326117:function:HelloLambdaPost/invocations",
                            "kms_key_arn": "",
                            "last_modified": "2017-11-13T12:03:24.694+0000",
                            "memory_size": "128",
                            "publish": "false",
                            "qualified_arn": "arn:aws:lambda:us-east-1:032898326117:function:HelloLambdaPost:$LATEST",
                            "role": "arn:aws:iam::032898326117:role/iam_for_lambda",
                            "runtime": "java8",
                            "s3_bucket": "mybucket-for-lambda-dynamodb-with-api-gateway",
                            "s3_key": "HelloLambda.zip",
                            "source_code_hash": "SV1YZUwblHyccL7HzBAF+rjgP39shY5xT/CsGK1hZb4=",
                            "tags.%": "0",
                            "timeout": "55",
                            "tracing_config.#": "1",
                            "tracing_config.0.mode": "PassThrough",
                            "version": "$LATEST",
                            "vpc_config.#": "0"
                        },
                        "meta": {},
                        "tainted": false
                    },
                    "deposed": [],
                    "provider": ""
                },
                "data.aws_caller_identity.current": {
                    "type": "aws_caller_identity",
                    "depends_on": [],
                    "primary": {
                        "id": "2017-11-13 12:01:05.559432 +0000 UTC",
                        "attributes": {
                            "account_id": "032898326117",
                            "arn": "arn:aws:iam::032898326117:user/andrii_kopytsia",
                            "id": "2017-11-13 12:01:05.559432 +0000 UTC",
                            "user_id": "AIDAIPAKZRVFDKGVB3ZVQ"
                        },
                        "meta": {},
                        "tainted": false
                    },
                    "deposed": [],
                    "provider": ""
                }
            },
            "depends_on": []
        },
        {
            "path": [
                "root",
                "s3"
            ],
            "outputs": {
                "s-3": {
                    "sensitive": false,
                    "type": "string",
                    "value": "mybucket-for-lambda-dynamodb-with-api-gateway"
                },
                "s-3-key-get": {
                    "sensitive": false,
                    "type": "string",
                    "value": "HelloLampdaGet.zip"
                },
                "s-3-key-post": {
                    "sensitive": false,
                    "type": "string",
                    "value": "HelloLambda.zip"
                }
            },
            "resources": {
                "aws_s3_bucket.bucketfordynamo": {
                    "type": "aws_s3_bucket",
                    "depends_on": [],
                    "primary": {
                        "id": "mybucket-for-lambda-dynamodb-with-api-gateway",
                        "attributes": {
                            "acceleration_status": "",
                            "acl": "private",
                            "arn": "arn:aws:s3:::mybucket-for-lambda-dynamodb-with-api-gateway",
                            "bucket": "mybucket-for-lambda-dynamodb-with-api-gateway",
                            "bucket_domain_name": "mybucket-for-lambda-dynamodb-with-api-gateway.s3.amazonaws.com",
                            "force_destroy": "false",
                            "hosted_zone_id": "Z3AQBSTGFYJSTF",
                            "id": "mybucket-for-lambda-dynamodb-with-api-gateway",
                            "logging.#": "0",
                            "region": "us-east-1",
                            "request_payer": "BucketOwner",
                            "tags.%": "0",
                            "versioning.#": "1",
                            "versioning.0.enabled": "true",
                            "versioning.0.mfa_delete": "false",
                            "website.#": "0"
                        },
                        "meta": {},
                        "tainted": false
                    },
                    "deposed": [],
                    "provider": ""
                },
                "aws_s3_bucket_object.mybucket-for-lambda-dynamodb-get": {
                    "type": "aws_s3_bucket_object",
                    "depends_on": [
                        "aws_s3_bucket.bucketfordynamo"
                    ],
                    "primary": {
                        "id": "HelloLampdaGet.zip",
                        "attributes": {
                            "acl": "private",
                            "bucket": "mybucket-for-lambda-dynamodb-with-api-gateway",
                            "cache_control": "",
                            "content_disposition": "",
                            "content_encoding": "",
                            "content_language": "",
                            "content_type": "binary/octet-stream",
                            "etag": "80da6ed439b6f42a0af4d126fb207f7d",
                            "id": "HelloLampdaGet.zip",
                            "key": "HelloLampdaGet.zip",
                            "server_side_encryption": "",
                            "source": "/Users/andrey.kopitsa/eclipse-workspace/builds/HelloLampdaGet.zip",
                            "storage_class": "STANDARD",
                            "tags.%": "1",
                            "tags.Name": "mybucket-for-lambda-function",
                            "version_id": "B.O0FId4OsyJ.JYELqLZowWe08eTdfTl",
                            "website_redirect": ""
                        },
                        "meta": {},
                        "tainted": false
                    },
                    "deposed": [],
                    "provider": ""
                },
                "aws_s3_bucket_object.mybucket-for-lambda-dynamodb-post": {
                    "type": "aws_s3_bucket_object",
                    "depends_on": [
                        "aws_s3_bucket.bucketfordynamo"
                    ],
                    "primary": {
                        "id": "HelloLambda.zip",
                        "attributes": {
                            "acl": "private",
                            "bucket": "mybucket-for-lambda-dynamodb-with-api-gateway",
                            "cache_control": "",
                            "content_disposition": "",
                            "content_encoding": "",
                            "content_language": "",
                            "content_type": "binary/octet-stream",
                            "etag": "c7dcd538bb2010eb1693b6b4837ab71c",
                            "id": "HelloLambda.zip",
                            "key": "HelloLambda.zip",
                            "server_side_encryption": "",
                            "source": "/Users/andrey.kopitsa/eclipse-workspace/builds/HelloLambda.zip",
                            "storage_class": "STANDARD",
                            "tags.%": "1",
                            "tags.Name": "mybucket-for-lambda-function",
                            "version_id": "AQ5k2izY2baRkMTqq3BVtq6aeHfqlOht",
                            "website_redirect": ""
                        },
                        "meta": {},
                        "tainted": false
                    },
                    "deposed": [],
                    "provider": ""
                }
            },
            "depends_on": []
        }
    ]
}
