{
    "version": 3,
    "terraform_version": "0.10.8",
    "serial": 19,
    "lineage": "69368c66-66b4-4953-9440-345a397fdd9f",
    "modules": [
        {
            "path": [
                "root"
            ],
            "outputs": {},
            "resources": {
                "aws_key_pair.auth": {
                    "type": "aws_key_pair",
                    "depends_on": [],
                    "primary": {
                        "id": "id_rsa1",
                        "attributes": {
                            "fingerprint": "c6:c9:36:37:97:f5:36:6e:35:8d:fd:fb:b1:dd:08:fc",
                            "id": "id_rsa1",
                            "key_name": "id_rsa1",
                            "public_key": "ssh-rsa AAAAB3NzaC1yc2EAAAADAQABAAACAQC3z394hjlWh2+JDcudCzcbty0qK2MSOyYLAqHWpMRrGpTwYHuQD4OeTCKDDPFlQ4VZgz019AiCjJZESp85hQ4iCTcAtYr6RnOVXtR5/9lt6S5ghvl9zAe8GD7o/nuoq1ccexqWi54NaoedByOYuohms4uRHQvMoLcJlV/jWuWHkCBoHj5FX4CQ/RQqvxjRbri30Xx1VfsDdde5fNuMpiCoB745AAXJ7bg07xHTdQoxA4Uy7ljeYIs3pMfklsvZdkh8MrceUAg1oIg2xgjGtW80Vyvv7exkMlfsnsNHg55sfU+NCGYOaWZjaKO83ZCCnBxQ2z5g+kInoDyhxD1B8Y9urds6HXIJd5CB8430FNvHtH29FlEXLx+zZRE2BtAcPBI7RZLs10lyGffTsEd90B/Kz4sNNoleuq1hTfaVak9yy91ebUTA88cFyPCJkrmQbj9Qvb5r3JUIqYHlznpjgVVW0b/z4QPAzp292cWzo96Z36U04S3Jl5b6sKGcf7CfFHfksp617PtY85W6ir+XtddkY259YCm0GOaIOK9v109GvAM0YNXwwGIyQ2+A3ai6hEIrRKodZsncwLzSMa5ajJJioekZXt1/isxLlUtnBl5qxG/v/E9o5ywKdO7um8ST5aocphhMk9r3lcfkvV5K9YaVbRX+rgow0RTkFGf/m84pjQ== andrey.kopitsa@MacBook-Pro-Andrey.local"
                        },
                        "meta": {
                            "schema_version": "1"
                        },
                        "tainted": false
                    },
                    "deposed": [],
                    "provider": ""
                }
            },
            "depends_on": []
        },
        {
            "path": [
                "root",
                "lambda"
            ],
            "outputs": {},
            "resources": {
                "aws_iam_role.iam_for_lambda": {
                    "type": "aws_iam_role",
                    "depends_on": [],
                    "primary": {
                        "id": "iam_for_lambda",
                        "attributes": {
                            "arn": "arn:aws:iam::032898326117:role/iam_for_lambda",
                            "assume_role_policy": "{\"Version\":\"2012-10-17\",\"Statement\":[{\"Sid\":\"\",\"Effect\":\"Allow\",\"Principal\":{\"Service\":\"lambda.amazonaws.com\"},\"Action\":\"sts:AssumeRole\"}]}",
                            "create_date": "2017-11-08T09:52:57Z",
                            "force_detach_policies": "false",
                            "id": "iam_for_lambda",
                            "name": "iam_for_lambda",
                            "path": "/",
                            "unique_id": "AROAJCXV5RWXPF5KWZNQM"
                        },
                        "meta": {},
                        "tainted": false
                    },
                    "deposed": [],
                    "provider": ""
                },
                "aws_lambda_function.test_lambda": {
                    "type": "aws_lambda_function",
                    "depends_on": [
                        "aws_iam_role.iam_for_lambda"
                    ],
                    "primary": {
                        "id": "HelloLambdaPost",
                        "attributes": {
                            "arn": "arn:aws:lambda:us-east-1:032898326117:function:HelloLambdaPost",
                            "dead_letter_config.#": "0",
                            "description": "",
                            "environment.#": "0",
                            "function_name": "HelloLambdaPost",
                            "handler": "com.amazonaws.lambda.demo.HelloLambda",
                            "id": "HelloLambdaPost",
                            "invoke_arn": "arn:aws:apigateway:us-east-1:lambda:path/2015-03-31/functions/arn:aws:lambda:us-east-1:032898326117:function:HelloLambdaPost/invocations",
                            "kms_key_arn": "",
                            "last_modified": "2017-11-08T09:56:02.494+0000",
                            "memory_size": "128",
                            "publish": "false",
                            "qualified_arn": "arn:aws:lambda:us-east-1:032898326117:function:HelloLambdaPost:$LATEST",
                            "role": "arn:aws:iam::032898326117:role/iam_for_lambda",
                            "runtime": "java8",
                            "s3_bucket": "mybucket-for-lambda-dynamodb-with-api-gateway",
                            "s3_key": "HelloLambda.zip",
                            "source_code_hash": "SV1YZUwblHyccL7HzBAF+rjgP39shY5xT/CsGK1hZb4=",
                            "tags.%": "0",
                            "timeout": "55",
                            "tracing_config.#": "1",
                            "tracing_config.0.mode": "PassThrough",
                            "version": "$LATEST",
                            "vpc_config.#": "0"
                        },
                        "meta": {},
                        "tainted": false
                    },
                    "deposed": [],
                    "provider": ""
                }
            },
            "depends_on": []
        },
        {
            "path": [
                "root",
                "s3"
            ],
            "outputs": {
                "s-3": {
                    "sensitive": false,
                    "type": "string",
                    "value": "mybucket-for-lambda-dynamodb-with-api-gateway"
                },
                "s-3-key-post": {
                    "sensitive": false,
                    "type": "string",
                    "value": "HelloLambda.zip"
                }
            },
            "resources": {
                "aws_s3_bucket.bucketfordynamo": {
                    "type": "aws_s3_bucket",
                    "depends_on": [],
                    "primary": {
                        "id": "mybucket-for-lambda-dynamodb-with-api-gateway",
                        "attributes": {
                            "acceleration_status": "",
                            "acl": "private",
                            "arn": "arn:aws:s3:::mybucket-for-lambda-dynamodb-with-api-gateway",
                            "bucket": "mybucket-for-lambda-dynamodb-with-api-gateway",
                            "bucket_domain_name": "mybucket-for-lambda-dynamodb-with-api-gateway.s3.amazonaws.com",
                            "force_destroy": "false",
                            "hosted_zone_id": "Z3AQBSTGFYJSTF",
                            "id": "mybucket-for-lambda-dynamodb-with-api-gateway",
                            "logging.#": "0",
                            "region": "us-east-1",
                            "request_payer": "BucketOwner",
                            "tags.%": "0",
                            "versioning.#": "1",
                            "versioning.0.enabled": "true",
                            "versioning.0.mfa_delete": "false",
                            "website.#": "0"
                        },
                        "meta": {},
                        "tainted": false
                    },
                    "deposed": [],
                    "provider": ""
                },
                "aws_s3_bucket_object.mybucket-for-lambda-dynamodb-get": {
                    "type": "aws_s3_bucket_object",
                    "depends_on": [
                        "aws_s3_bucket.bucketfordynamo"
                    ],
                    "primary": {
                        "id": "HelloLampdaGet.zip",
                        "attributes": {
                            "acl": "private",
                            "bucket": "mybucket-for-lambda-dynamodb-with-api-gateway",
                            "cache_control": "",
                            "content_disposition": "",
                            "content_encoding": "",
                            "content_language": "",
                            "content_type": "binary/octet-stream",
                            "etag": "80da6ed439b6f42a0af4d126fb207f7d",
                            "id": "HelloLampdaGet.zip",
                            "key": "HelloLampdaGet.zip",
                            "server_side_encryption": "",
                            "source": "/Users/andrey.kopitsa/eclipse-workspace/builds/HelloLampdaGet.zip",
                            "storage_class": "STANDARD",
                            "tags.%": "1",
                            "tags.Name": "mybucket-for-lambda-function",
                            "version_id": "bdCfweLPCaPU4pSEVfVdfJ_xDFntca.6",
                            "website_redirect": ""
                        },
                        "meta": {},
                        "tainted": false
                    },
                    "deposed": [],
                    "provider": ""
                },
                "aws_s3_bucket_object.mybucket-for-lambda-dynamodb-post": {
                    "type": "aws_s3_bucket_object",
                    "depends_on": [
                        "aws_s3_bucket.bucketfordynamo"
                    ],
                    "primary": {
                        "id": "HelloLambda.zip",
                        "attributes": {
                            "acl": "private",
                            "bucket": "mybucket-for-lambda-dynamodb-with-api-gateway",
                            "cache_control": "",
                            "content_disposition": "",
                            "content_encoding": "",
                            "content_language": "",
                            "content_type": "binary/octet-stream",
                            "etag": "c7dcd538bb2010eb1693b6b4837ab71c",
                            "id": "HelloLambda.zip",
                            "key": "HelloLambda.zip",
                            "server_side_encryption": "",
                            "source": "/Users/andrey.kopitsa/eclipse-workspace/builds/HelloLambda.zip",
                            "storage_class": "STANDARD",
                            "tags.%": "1",
                            "tags.Name": "mybucket-for-lambda-function",
                            "version_id": "6bN_N1nFuwvPeQxLSa6l0j_OPxoGdLn6",
                            "website_redirect": ""
                        },
                        "meta": {},
                        "tainted": false
                    },
                    "deposed": [],
                    "provider": ""
                }
            },
            "depends_on": []
        }
    ]
}
